
Microsoft Visual Studio Solution File, Format Version 12.00
# Visual Studio 15
VisualStudioVersion = 15.0.26430.6
MinimumVisualStudioVersion = 10.0.40219.1
Project("{FAE04EC0-301F-11D3-BF4B-00C04F79EFBC}") = "DelegateExample", "DelegateExample\DelegateExample.csproj", "{C1765C44-83C4-425D-B42C-289D44731907}"
EndProject
Project("{FAE04EC0-301F-11D3-BF4B-00C04F79EFBC}") = "Example_25", "Example_25\Example_25.csproj", "{A553F02B-8DC3-4F64-8284-A66E3FC7D5D6}"
EndProject
Global
	GlobalSection(SolutionConfigurationPlatforms) = preSolution
		Debug|Any CPU = Debug|Any CPU
		Release|Any CPU = Release|Any CPU
	EndGlobalSection
	GlobalSection(ProjectConfigurationPlatforms) = postSolution
		{C1765C44-83C4-425D-B42C-289D44731907}.Debug|Any CPU.ActiveCfg = Debug|Any CPU
		{C1765C44-83C4-425D-B42C-289D44731907}.Debug|Any CPU.Build.0 = Debug|Any CPU
		{C1765C44-83C4-425D-B42C-289D44731907}.Release|Any CPU.ActiveCfg = Release|Any CPU
		{C1765C44-83C4-425D-B42C-289D44731907}.Release|Any CPU.Build.0 = Release|Any CPU
		{A553F02B-8DC3-4F64-8284-A66E3FC7D5D6}.Debug|Any CPU.ActiveCfg = Debug|Any CPU
		{A553F02B-8DC3-4F64-8284-A66E3FC7D5D6}.Debug|Any CPU.Build.0 = Debug|Any CPU
		{A553F02B-8DC3-4F64-8284-A66E3FC7D5D6}.Release|Any CPU.ActiveCfg = Release|Any CPU
		{A553F02B-8DC3-4F64-8284-A66E3FC7D5D6}.Release|Any CPU.Build.0 = Release|Any CPU
	EndGlobalSection
	GlobalSection(SolutionProperties) = preSolution
		HideSolutionNode = FALSE
	EndGlobalSection
EndGlobal
